
Microsoft Visual Studio Solution File, Format Version 12.00
# Visual Studio 15
VisualStudioVersion = 15.0.28307.489
MinimumVisualStudioVersion = 10.0.40219.1
Project("{8BC9CEB8-8B4A-11D0-8D11-00A0C91BC942}") = "CUDA", "CUDA.vcxproj", "{73293C72-C5F6-44CE-9A94-878132D9F6AC}"
EndProject
Global
	GlobalSection(SolutionConfigurationPlatforms) = preSolution
		Debug|x64 = Debug|x64
		Release|x64 = Release|x64
	EndGlobalSection
	GlobalSection(ProjectConfigurationPlatforms) = postSolution
		{73293C72-C5F6-44CE-9A94-878132D9F6AC}.Debug|x64.ActiveCfg = Debug|x64
		{73293C72-C5F6-44CE-9A94-878132D9F6AC}.Debug|x64.Build.0 = Debug|x64
		{73293C72-C5F6-44CE-9A94-878132D9F6AC}.Release|x64.ActiveCfg = Release|x64
		{73293C72-C5F6-44CE-9A94-878132D9F6AC}.Release|x64.Build.0 = Release|x64
	EndGlobalSection
	GlobalSection(SolutionProperties) = preSolution
		HideSolutionNode = FALSE
	EndGlobalSection
	GlobalSection(ExtensibilityGlobals) = postSolution
		SolutionGuid = {EF7F96AA-AF10-4F92-944B-A6CCEB4B236B}
	EndGlobalSection
EndGlobal
