
Microsoft Visual Studio Solution File, Format Version 12.00
# Visual Studio 14
VisualStudioVersion = 14.0.25420.1
MinimumVisualStudioVersion = 10.0.40219.1
Project("{8BC9CEB8-8B4A-11D0-8D11-00A0C91BC942}") = "01 - Simple Program", "01 - Simple Program\01 - Simple Program.vcxproj", "{F0BFEBBE-FCCE-4D33-BCE9-1976F5313B4B}"
EndProject
Project("{8BC9CEB8-8B4A-11D0-8D11-00A0C91BC942}") = "04 - Matrix Multiplication Cube", "04 - Matrix Multiplication Cube\04 - Matrix Multiplication Cube.vcxproj", "{29C785B4-DE3D-4790-8A03-9E51D85BCD63}"
EndProject
Project("{8BC9CEB8-8B4A-11D0-8D11-00A0C91BC942}") = "02 -Derived Data Types", "02 - Derived Data Types\02 - Derived Data Types.vcxproj", "{FE76E0C4-8B94-4590-88E4-B14149F0B8D5}"
EndProject
Global
	GlobalSection(SolutionConfigurationPlatforms) = preSolution
		Debug|Win32 = Debug|Win32
		Debug|x64 = Debug|x64
		Release|Win32 = Release|Win32
		Release|x64 = Release|x64
	EndGlobalSection
	GlobalSection(ProjectConfigurationPlatforms) = postSolution
		{F0BFEBBE-FCCE-4D33-BCE9-1976F5313B4B}.Debug|Win32.ActiveCfg = Debug|Win32
		{F0BFEBBE-FCCE-4D33-BCE9-1976F5313B4B}.Debug|Win32.Build.0 = Debug|Win32
		{F0BFEBBE-FCCE-4D33-BCE9-1976F5313B4B}.Debug|x64.ActiveCfg = Debug|x64
		{F0BFEBBE-FCCE-4D33-BCE9-1976F5313B4B}.Debug|x64.Build.0 = Debug|x64
		{F0BFEBBE-FCCE-4D33-BCE9-1976F5313B4B}.Release|Win32.ActiveCfg = Release|Win32
		{F0BFEBBE-FCCE-4D33-BCE9-1976F5313B4B}.Release|Win32.Build.0 = Release|Win32
		{F0BFEBBE-FCCE-4D33-BCE9-1976F5313B4B}.Release|x64.ActiveCfg = Release|x64
		{F0BFEBBE-FCCE-4D33-BCE9-1976F5313B4B}.Release|x64.Build.0 = Release|x64
		{29C785B4-DE3D-4790-8A03-9E51D85BCD63}.Debug|Win32.ActiveCfg = Debug|Win32
		{29C785B4-DE3D-4790-8A03-9E51D85BCD63}.Debug|Win32.Build.0 = Debug|Win32
		{29C785B4-DE3D-4790-8A03-9E51D85BCD63}.Debug|x64.ActiveCfg = Debug|x64
		{29C785B4-DE3D-4790-8A03-9E51D85BCD63}.Debug|x64.Build.0 = Debug|x64
		{29C785B4-DE3D-4790-8A03-9E51D85BCD63}.Release|Win32.ActiveCfg = Release|Win32
		{29C785B4-DE3D-4790-8A03-9E51D85BCD63}.Release|Win32.Build.0 = Release|Win32
		{29C785B4-DE3D-4790-8A03-9E51D85BCD63}.Release|x64.ActiveCfg = Release|x64
		{29C785B4-DE3D-4790-8A03-9E51D85BCD63}.Release|x64.Build.0 = Release|x64
		{FE76E0C4-8B94-4590-88E4-B14149F0B8D5}.Debug|Win32.ActiveCfg = Debug|Win32
		{FE76E0C4-8B94-4590-88E4-B14149F0B8D5}.Debug|Win32.Build.0 = Debug|Win32
		{FE76E0C4-8B94-4590-88E4-B14149F0B8D5}.Debug|x64.ActiveCfg = Debug|x64
		{FE76E0C4-8B94-4590-88E4-B14149F0B8D5}.Debug|x64.Build.0 = Debug|x64
		{FE76E0C4-8B94-4590-88E4-B14149F0B8D5}.Release|Win32.ActiveCfg = Release|Win32
		{FE76E0C4-8B94-4590-88E4-B14149F0B8D5}.Release|Win32.Build.0 = Release|Win32
		{FE76E0C4-8B94-4590-88E4-B14149F0B8D5}.Release|x64.ActiveCfg = Release|x64
		{FE76E0C4-8B94-4590-88E4-B14149F0B8D5}.Release|x64.Build.0 = Release|x64
	EndGlobalSection
	GlobalSection(SolutionProperties) = preSolution
		HideSolutionNode = FALSE
	EndGlobalSection
EndGlobal
